// !$*UTF8*$!
{
	archiveVersion = 1;
	classes = {
	};
	objectVersion = 48;
	objects = {

/* Begin PBXBuildFile section */
		42A3DB83205F56B700810EDC /* AppDelegate.swift in Sources */ = {isa = PBXBuildFile; fileRef = 42A3DB82205F56B700810EDC /* AppDelegate.swift */; };
		42A3DB85205F56B700810EDC /* ViewController.swift in Sources */ = {isa = PBXBuildFile; fileRef = 42A3DB84205F56B700810EDC /* ViewController.swift */; };
		42A3DB88205F56B700810EDC /* Main.storyboard in Resources */ = {isa = PBXBuildFile; fileRef = 42A3DB86205F56B700810EDC /* Main.storyboard */; };
		42A3DB8A205F56B700810EDC /* Assets.xcassets in Resources */ = {isa = PBXBuildFile; fileRef = 42A3DB89205F56B700810EDC /* Assets.xcassets */; };
		42A3DB8D205F56B700810EDC /* LaunchScreen.storyboard in Resources */ = {isa = PBXBuildFile; fileRef = 42A3DB8B205F56B700810EDC /* LaunchScreen.storyboard */; };
		42A3DB98205F56B700810EDC /* MyAppTests.swift in Sources */ = {isa = PBXBuildFile; fileRef = 42A3DB97205F56B700810EDC /* MyAppTests.swift */; };
		42A3DBA3205F56B700810EDC /* MyAppUITests.swift in Sources */ = {isa = PBXBuildFile; fileRef = 42A3DBA2205F56B700810EDC /* MyAppUITests.swift */; };
/* End PBXBuildFile section */

/* Begin PBXContainerItemProxy section */
		42A3DB94205F56B700810EDC /* PBXContainerItemProxy */ = {
			isa = PBXContainerItemProxy;
			containerPortal = 42A3DB77205F56B700810EDC /* Project object */;
			proxyType = 1;
			remoteGlobalIDString = 42A3DB7E205F56B700810EDC;
			remoteInfo = MyApp;
		};
		42A3DB9F205F56B700810EDC /* PBXContainerItemProxy */ = {
			isa = PBXContainerItemProxy;
			containerPortal = 42A3DB77205F56B700810EDC /* Project object */;
			proxyType = 1;
			remoteGlobalIDString = 42A3DB7E205F56B700810EDC;
			remoteInfo = MyApp;
		};
/* End PBXContainerItemProxy section */

/* Begin PBXFileReference section */
		42A3DB7F205F56B700810EDC /* MyApp.app */ = {isa = PBXFileReference; explicitFileType = wrapper.application; includeInIndex = 0; path = MyApp.app; sourceTree = BUILT_PRODUCTS_DIR; };
		42A3DB82205F56B700810EDC /* AppDelegate.swift */ = {isa = PBXFileReference; lastKnownFileType = sourcecode.swift; path = AppDelegate.swift; sourceTree = "<group>"; };
		42A3DB84205F56B700810EDC /* ViewController.swift */ = {isa = PBXFileReference; lastKnownFileType = sourcecode.swift; path = ViewController.swift; sourceTree = "<group>"; };
		42A3DB87205F56B700810EDC /* Base */ = {isa = PBXFileReference; lastKnownFileType = file.storyboard; name = Base; path = Base.lproj/Main.storyboard; sourceTree = "<group>"; };
		42A3DB89205F56B700810EDC /* Assets.xcassets */ = {isa = PBXFileReference; lastKnownFileType = folder.assetcatalog; path = Assets.xcassets; sourceTree = "<group>"; };
		42A3DB8C205F56B700810EDC /* Base */ = {isa = PBXFileReference; lastKnownFileType = file.storyboard; name = Base; path = Base.lproj/LaunchScreen.storyboard; sourceTree = "<group>"; };
		42A3DB8E205F56B700810EDC /* Info.plist */ = {isa = PBXFileReference; lastKnownFileType = text.plist.xml; path = Info.plist; sourceTree = "<group>"; };
		42A3DB93205F56B700810EDC /* MyAppTests.xctest */ = {isa = PBXFileReference; explicitFileType = wrapper.cfbundle; includeInIndex = 0; path = MyAppTests.xctest; sourceTree = BUILT_PRODUCTS_DIR; };
		42A3DB97205F56B700810EDC /* MyAppTests.swift */ = {isa = PBXFileReference; lastKnownFileType = sourcecode.swift; path = MyAppTests.swift; sourceTree = "<group>"; };
		42A3DB99205F56B700810EDC /* Info.plist */ = {isa = PBXFileReference; lastKnownFileType = text.plist.xml; path = Info.plist; sourceTree = "<group>"; };
		42A3DB9E205F56B700810EDC /* MyAppUITests.xctest */ = {isa = PBXFileReference; explicitFileType = wrapper.cfbundle; includeInIndex = 0; path = MyAppUITests.xctest; sourceTree = BUILT_PRODUCTS_DIR; };
		42A3DBA2205F56B700810EDC /* MyAppUITests.swift */ = {isa = PBXFileReference; lastKnownFileType = sourcecode.swift; path = MyAppUITests.swift; sourceTree = "<group>"; };
		42A3DBA4205F56B700810EDC /* Info.plist */ = {isa = PBXFileReference; lastKnownFileType = text.plist.xml; path = Info.plist; sourceTree = "<group>"; };
/* End PBXFileReference section */

/* Begin PBXFrameworksBuildPhase section */
		42A3DB7C205F56B700810EDC /* Frameworks */ = {
			isa = PBXFrameworksBuildPhase;
			buildActionMask = 2147483647;
			files = (
			);
			runOnlyForDeploymentPostprocessing = 0;
		};
		42A3DB90205F56B700810EDC /* Frameworks */ = {
			isa = PBXFrameworksBuildPhase;
			buildActionMask = 2147483647;
			files = (
			);
			runOnlyForDeploymentPostprocessing = 0;
		};
		42A3DB9B205F56B700810EDC /* Frameworks */ = {
			isa = PBXFrameworksBuildPhase;
			buildActionMask = 2147483647;
			files = (
			);
			runOnlyForDeploymentPostprocessing = 0;
		};
/* End PBXFrameworksBuildPhase section */

/* Begin PBXGroup section */
		42A3DB76205F56B700810EDC = {
			isa = PBXGroup;
			children = (
				42A3DB81205F56B700810EDC /* MyApp */,
				42A3DB96205F56B700810EDC /* MyAppTests */,
				42A3DBA1205F56B700810EDC /* MyAppUITests */,
				42A3DB80205F56B700810EDC /* Products */,
			);
			sourceTree = "<group>";
		};
		42A3DB80205F56B700810EDC /* Products */ = {
			isa = PBXGroup;
			children = (
				42A3DB7F205F56B700810EDC /* MyApp.app */,
				42A3DB93205F56B700810EDC /* MyAppTests.xctest */,
				42A3DB9E205F56B700810EDC /* MyAppUITests.xctest */,
			);
			name = Products;
			sourceTree = "<group>";
		};
		42A3DB81205F56B700810EDC /* MyApp */ = {
			isa = PBXGroup;
			children = (
				42A3DB82205F56B700810EDC /* AppDelegate.swift */,
				42A3DB84205F56B700810EDC /* ViewController.swift */,
				42A3DB86205F56B700810EDC /* Main.storyboard */,
				42A3DB89205F56B700810EDC /* Assets.xcassets */,
				42A3DB8B205F56B700810EDC /* LaunchScreen.storyboard */,
				42A3DB8E205F56B700810EDC /* Info.plist */,
			);
			path = MyApp;
			sourceTree = "<group>";
		};
		42A3DB96205F56B700810EDC /* MyAppTests */ = {
			isa = PBXGroup;
			children = (
				42A3DB97205F56B700810EDC /* MyAppTests.swift */,
				42A3DB99205F56B700810EDC /* Info.plist */,
			);
			path = MyAppTests;
			sourceTree = "<group>";
		};
		42A3DBA1205F56B700810EDC /* MyAppUITests */ = {
			isa = PBXGroup;
			children = (
				42A3DBA2205F56B700810EDC /* MyAppUITests.swift */,
				42A3DBA4205F56B700810EDC /* Info.plist */,
			);
			path = MyAppUITests;
			sourceTree = "<group>";
		};
/* End PBXGroup section */

/* Begin PBXNativeTarget section */
		42A3DB7E205F56B700810EDC /* MyApp */ = {
			isa = PBXNativeTarget;
			buildConfigurationList = 42A3DBA7205F56B700810EDC /* Build configuration list for PBXNativeTarget "MyApp" */;
			buildPhases = (
				42A3DB7B205F56B700810EDC /* Sources */,
				42A3DB7C205F56B700810EDC /* Frameworks */,
				42A3DB7D205F56B700810EDC /* Resources */,
			);
			buildRules = (
			);
			dependencies = (
			);
			name = MyApp;
			productName = MyApp;
			productReference = 42A3DB7F205F56B700810EDC /* MyApp.app */;
			productType = "com.apple.product-type.application";
		};
		42A3DB92205F56B700810EDC /* MyAppTests */ = {
			isa = PBXNativeTarget;
			buildConfigurationList = 42A3DBAA205F56B700810EDC /* Build configuration list for PBXNativeTarget "MyAppTests" */;
			buildPhases = (
				42A3DB8F205F56B700810EDC /* Sources */,
				42A3DB90205F56B700810EDC /* Frameworks */,
				42A3DB91205F56B700810EDC /* Resources */,
			);
			buildRules = (
			);
			dependencies = (
				42A3DB95205F56B700810EDC /* PBXTargetDependency */,
			);
			name = MyAppTests;
			productName = MyAppTests;
			productReference = 42A3DB93205F56B700810EDC /* MyAppTests.xctest */;
			productType = "com.apple.product-type.bundle.unit-test";
		};
		42A3DB9D205F56B700810EDC /* MyAppUITests */ = {
			isa = PBXNativeTarget;
			buildConfigurationList = 42A3DBAD205F56B700810EDC /* Build configuration list for PBXNativeTarget "MyAppUITests" */;
			buildPhases = (
				42A3DB9A205F56B700810EDC /* Sources */,
				42A3DB9B205F56B700810EDC /* Frameworks */,
				42A3DB9C205F56B700810EDC /* Resources */,
			);
			buildRules = (
			);
			dependencies = (
				42A3DBA0205F56B700810EDC /* PBXTargetDependency */,
			);
			name = MyAppUITests;
			productName = MyAppUITests;
			productReference = 42A3DB9E205F56B700810EDC /* MyAppUITests.xctest */;
			productType = "com.apple.product-type.bundle.ui-testing";
		};
/* End PBXNativeTarget section */

/* Begin PBXProject section */
		42A3DB77205F56B700810EDC /* Project object */ = {
			isa = PBXProject;
			attributes = {
				LastSwiftUpdateCheck = 0920;
				LastUpgradeCheck = 0920;
				ORGANIZATIONNAME = "Juan Andonaire";
				TargetAttributes = {
					42A3DB7E205F56B700810EDC = {
						CreatedOnToolsVersion = 9.2;
						ProvisioningStyle = Automatic;
					};
					42A3DB92205F56B700810EDC = {
						CreatedOnToolsVersion = 9.2;
						ProvisioningStyle = Automatic;
						TestTargetID = 42A3DB7E205F56B700810EDC;
					};
					42A3DB9D205F56B700810EDC = {
						CreatedOnToolsVersion = 9.2;
						ProvisioningStyle = Automatic;
						TestTargetID = 42A3DB7E205F56B700810EDC;
					};
				};
			};
			buildConfigurationList = 42A3DB7A205F56B700810EDC /* Build configuration list for PBXProject "MyApp" */;
			compatibilityVersion = "Xcode 8.0";
			developmentRegion = en;
			hasScannedForEncodings = 0;
			knownRegions = (
				en,
				Base,
			);
			mainGroup = 42A3DB76205F56B700810EDC;
			productRefGroup = 42A3DB80205F56B700810EDC /* Products */;
			projectDirPath = "";
			projectRoot = "";
			targets = (
				42A3DB7E205F56B700810EDC /* MyApp */,
				42A3DB92205F56B700810EDC /* MyAppTests */,
				42A3DB9D205F56B700810EDC /* MyAppUITests */,
			);
		};
/* End PBXProject section */

/* Begin PBXResourcesBuildPhase section */
		42A3DB7D205F56B700810EDC /* Resources */ = {
			isa = PBXResourcesBuildPhase;
			buildActionMask = 2147483647;
			files = (
				42A3DB8D205F56B700810EDC /* LaunchScreen.storyboard in Resources */,
				42A3DB8A205F56B700810EDC /* Assets.xcassets in Resources */,
				42A3DB88205F56B700810EDC /* Main.storyboard in Resources */,
			);
			runOnlyForDeploymentPostprocessing = 0;
		};
		42A3DB91205F56B700810EDC /* Resources */ = {
			isa = PBXResourcesBuildPhase;
			buildActionMask = 2147483647;
			files = (
			);
			runOnlyForDeploymentPostprocessing = 0;
		};
		42A3DB9C205F56B700810EDC /* Resources */ = {
			isa = PBXResourcesBuildPhase;
			buildActionMask = 2147483647;
			files = (
			);
			runOnlyForDeploymentPostprocessing = 0;
		};
/* End PBXResourcesBuildPhase section */

/* Begin PBXSourcesBuildPhase section */
		42A3DB7B205F56B700810EDC /* Sources */ = {
			isa = PBXSourcesBuildPhase;
			buildActionMask = 2147483647;
			files = (
				42A3DB85205F56B700810EDC /* ViewController.swift in Sources */,
				42A3DB83205F56B700810EDC /* AppDelegate.swift in Sources */,
			);
			runOnlyForDeploymentPostprocessing = 0;
		};
		42A3DB8F205F56B700810EDC /* Sources */ = {
			isa = PBXSourcesBuildPhase;
			buildActionMask = 2147483647;
			files = (
				42A3DB98205F56B700810EDC /* MyAppTests.swift in Sources */,
			);
			runOnlyForDeploymentPostprocessing = 0;
		};
		42A3DB9A205F56B700810EDC /* Sources */ = {
			isa = PBXSourcesBuildPhase;
			buildActionMask = 2147483647;
			files = (
				42A3DBA3205F56B700810EDC /* MyAppUITests.swift in Sources */,
			);
			runOnlyForDeploymentPostprocessing = 0;
		};
/* End PBXSourcesBuildPhase section */

/* Begin PBXTargetDependency section */
		42A3DB95205F56B700810EDC /* PBXTargetDependency */ = {
			isa = PBXTargetDependency;
			target = 42A3DB7E205F56B700810EDC /* MyApp */;
			targetProxy = 42A3DB94205F56B700810EDC /* PBXContainerItemProxy */;
		};
		42A3DBA0205F56B700810EDC /* PBXTargetDependency */ = {
			isa = PBXTargetDependency;
			target = 42A3DB7E205F56B700810EDC /* MyApp */;
			targetProxy = 42A3DB9F205F56B700810EDC /* PBXContainerItemProxy */;
		};
/* End PBXTargetDependency section */

/* Begin PBXVariantGroup section */
		42A3DB86205F56B700810EDC /* Main.storyboard */ = {
			isa = PBXVariantGroup;
			children = (
				42A3DB87205F56B700810EDC /* Base */,
			);
			name = Main.storyboard;
			sourceTree = "<group>";
		};
		42A3DB8B205F56B700810EDC /* LaunchScreen.storyboard */ = {
			isa = PBXVariantGroup;
			children = (
				42A3DB8C205F56B700810EDC /* Base */,
			);
			name = LaunchScreen.storyboard;
			sourceTree = "<group>";
		};
/* End PBXVariantGroup section */

/* Begin XCBuildConfiguration section */
		42A3DBA5205F56B700810EDC /* Debug */ = {
			isa = XCBuildConfiguration;
			buildSettings = {
				ALWAYS_SEARCH_USER_PATHS = NO;
				CLANG_ANALYZER_NONNULL = YES;
				CLANG_ANALYZER_NUMBER_OBJECT_CONVERSION = YES_AGGRESSIVE;
				CLANG_CXX_LANGUAGE_STANDARD = "gnu++14";
				CLANG_CXX_LIBRARY = "libc++";
				CLANG_ENABLE_MODULES = YES;
				CLANG_ENABLE_OBJC_ARC = YES;
				CLANG_WARN_BLOCK_CAPTURE_AUTORELEASING = YES;
				CLANG_WARN_BOOL_CONVERSION = YES;
				CLANG_WARN_COMMA = YES;
				CLANG_WARN_CONSTANT_CONVERSION = YES;
				CLANG_WARN_DIRECT_OBJC_ISA_USAGE = YES_ERROR;
				CLANG_WARN_DOCUMENTATION_COMMENTS = YES;
				CLANG_WARN_EMPTY_BODY = YES;
				CLANG_WARN_ENUM_CONVERSION = YES;
				CLANG_WARN_INFINITE_RECURSION = YES;
				CLANG_WARN_INT_CONVERSION = YES;
				CLANG_WARN_NON_LITERAL_NULL_CONVERSION = YES;
				CLANG_WARN_OBJC_LITERAL_CONVERSION = YES;
				CLANG_WARN_OBJC_ROOT_CLASS = YES_ERROR;
				CLANG_WARN_RANGE_LOOP_ANALYSIS = YES;
				CLANG_WARN_STRICT_PROTOTYPES = YES;
				CLANG_WARN_SUSPICIOUS_MOVE = YES;
				CLANG_WARN_UNGUARDED_AVAILABILITY = YES_AGGRESSIVE;
				CLANG_WARN_UNREACHABLE_CODE = YES;
				CLANG_WARN__DUPLICATE_METHOD_MATCH = YES;
				CODE_SIGN_IDENTITY = "iPhone Developer";
				COPY_PHASE_STRIP = NO;
				DEBUG_INFORMATION_FORMAT = dwarf;
				ENABLE_STRICT_OBJC_MSGSEND = YES;
				ENABLE_TESTABILITY = YES;
				GCC_C_LANGUAGE_STANDARD = gnu11;
				GCC_DYNAMIC_NO_PIC = NO;
				GCC_NO_COMMON_BLOCKS = YES;
				GCC_OPTIMIZATION_LEVEL = 0;
				GCC_PREPROCESSOR_DEFINITIONS = (
					"DEBUG=1",
					"$(inherited)",
				);
				GCC_WARN_64_TO_32_BIT_CONVERSION = YES;
				GCC_WARN_ABOUT_RETURN_TYPE = YES_ERROR;
				GCC_WARN_UNDECLARED_SELECTOR = YES;
				GCC_WARN_UNINITIALIZED_AUTOS = YES_AGGRESSIVE;
				GCC_WARN_UNUSED_FUNCTION = YES;
				GCC_WARN_UNUSED_VARIABLE = YES;
				IPHONEOS_DEPLOYMENT_TARGET = 11.2;
				MTL_ENABLE_DEBUG_INFO = YES;
				ONLY_ACTIVE_ARCH = YES;
				SDKROOT = iphoneos;
				SWIFT_ACTIVE_COMPILATION_CONDITIONS = DEBUG;
				SWIFT_OPTIMIZATION_LEVEL = "-Onone";
			};
			name = Debug;
		};
		42A3DBA6205F56B700810EDC /* Release */ = {
			isa = XCBuildConfiguration;
			buildSettings = {
				ALWAYS_SEARCH_USER_PATHS = NO;
				CLANG_ANALYZER_NONNULL = YES;
				CLANG_ANALYZER_NUMBER_OBJECT_CONVERSION = YES_AGGRESSIVE;
				CLANG_CXX_LANGUAGE_STANDARD = "gnu++14";
				CLANG_CXX_LIBRARY = "libc++";
				CLANG_ENABLE_MODULES = YES;
				CLANG_ENABLE_OBJC_ARC = YES;
				CLANG_WARN_BLOCK_CAPTURE_AUTORELEASING = YES;
				CLANG_WARN_BOOL_CONVERSION = YES;
				CLANG_WARN_COMMA = YES;
				CLANG_WARN_CONSTANT_CONVERSION = YES;
				CLANG_WARN_DIRECT_OBJC_ISA_USAGE = YES_ERROR;
				CLANG_WARN_DOCUMENTATION_COMMENTS = YES;
				CLANG_WARN_EMPTY_BODY = YES;
				CLANG_WARN_ENUM_CONVERSION = YES;
				CLANG_WARN_INFINITE_RECURSION = YES;
				CLANG_WARN_INT_CONVERSION = YES;
				CLANG_WARN_NON_LITERAL_NULL_CONVERSION = YES;
				CLANG_WARN_OBJC_LITERAL_CONVERSION = YES;
				CLANG_WARN_OBJC_ROOT_CLASS = YES_ERROR;
				CLANG_WARN_RANGE_LOOP_ANALYSIS = YES;
				CLANG_WARN_STRICT_PROTOTYPES = YES;
				CLANG_WARN_SUSPICIOUS_MOVE = YES;
				CLANG_WARN_UNGUARDED_AVAILABILITY = YES_AGGRESSIVE;
				CLANG_WARN_UNREACHABLE_CODE = YES;
				CLANG_WARN__DUPLICATE_METHOD_MATCH = YES;
				CODE_SIGN_IDENTITY = "iPhone Developer";
				COPY_PHASE_STRIP = NO;
				DEBUG_INFORMATION_FORMAT = "dwarf-with-dsym";
				ENABLE_NS_ASSERTIONS = NO;
				ENABLE_STRICT_OBJC_MSGSEND = YES;
				GCC_C_LANGUAGE_STANDARD = gnu11;
				GCC_NO_COMMON_BLOCKS = YES;
				GCC_WARN_64_TO_32_BIT_CONVERSION = YES;
				GCC_WARN_ABOUT_RETURN_TYPE = YES_ERROR;
				GCC_WARN_UNDECLARED_SELECTOR = YES;
				GCC_WARN_UNINITIALIZED_AUTOS = YES_AGGRESSIVE;
				GCC_WARN_UNUSED_FUNCTION = YES;
				GCC_WARN_UNUSED_VARIABLE = YES;
				IPHONEOS_DEPLOYMENT_TARGET = 11.2;
				MTL_ENABLE_DEBUG_INFO = NO;
				SDKROOT = iphoneos;
				SWIFT_OPTIMIZATION_LEVEL = "-Owholemodule";
				VALIDATE_PRODUCT = YES;
			};
			name = Release;
		};
		42A3DBA8205F56B700810EDC /* Debug */ = {
			isa = XCBuildConfiguration;
			buildSettings = {
				ASSETCATALOG_COMPILER_APPICON_NAME = AppIcon;
				CODE_SIGN_STYLE = Automatic;
				INFOPLIST_FILE = MyApp/Info.plist;
				LD_RUNPATH_SEARCH_PATHS = "$(inherited) @executable_path/Frameworks";
				PRODUCT_BUNDLE_IDENTIFIER = code20.com.MyApp;
				PRODUCT_NAME = "$(TARGET_NAME)";
				SWIFT_VERSION = 4.0;
				TARGETED_DEVICE_FAMILY = "1,2";
			};
			name = Debug;
		};
		42A3DBA9205F56B700810EDC /* Release */ = {
			isa = XCBuildConfiguration;
			buildSettings = {
				ASSETCATALOG_COMPILER_APPICON_NAME = AppIcon;
				CODE_SIGN_STYLE = Automatic;
				INFOPLIST_FILE = MyApp/Info.plist;
				LD_RUNPATH_SEARCH_PATHS = "$(inherited) @executable_path/Frameworks";
				PRODUCT_BUNDLE_IDENTIFIER = code20.com.MyApp;
				PRODUCT_NAME = "$(TARGET_NAME)";
				SWIFT_VERSION = 4.0;
				TARGETED_DEVICE_FAMILY = "1,2";
			};
			name = Release;
		};
		42A3DBAB205F56B700810EDC /* Debug */ = {
			isa = XCBuildConfiguration;
			buildSettings = {
				ALWAYS_EMBED_SWIFT_STANDARD_LIBRARIES = YES;
				BUNDLE_LOADER = "$(TEST_HOST)";
				CODE_SIGN_STYLE = Automatic;
				INFOPLIST_FILE = MyAppTests/Info.plist;
				LD_RUNPATH_SEARCH_PATHS = "$(inherited) @executable_path/Frameworks @loader_path/Frameworks";
				PRODUCT_BUNDLE_IDENTIFIER = code20.com.MyAppTests;
				PRODUCT_NAME = "$(TARGET_NAME)";
				SWIFT_VERSION = 4.0;
				TARGETED_DEVICE_FAMILY = "1,2";
				TEST_HOST = "$(BUILT_PRODUCTS_DIR)/MyApp.app/MyApp";
			};
			name = Debug;
		};
		42A3DBAC205F56B700810EDC /* Release */ = {
			isa = XCBuildConfiguration;
			buildSettings = {
				ALWAYS_EMBED_SWIFT_STANDARD_LIBRARIES = YES;
				BUNDLE_LOADER = "$(TEST_HOST)";
				CODE_SIGN_STYLE = Automatic;
				INFOPLIST_FILE = MyAppTests/Info.plist;
				LD_RUNPATH_SEARCH_PATHS = "$(inherited) @executable_path/Frameworks @loader_path/Frameworks";
				PRODUCT_BUNDLE_IDENTIFIER = code20.com.MyAppTests;
				PRODUCT_NAME = "$(TARGET_NAME)";
				SWIFT_VERSION = 4.0;
				TARGETED_DEVICE_FAMILY = "1,2";
				TEST_HOST = "$(BUILT_PRODUCTS_DIR)/MyApp.app/MyApp";
			};
			name = Release;
		};
		42A3DBAE205F56B700810EDC /* Debug */ = {
			isa = XCBuildConfiguration;
			buildSettings = {
				ALWAYS_EMBED_SWIFT_STANDARD_LIBRARIES = YES;
				CODE_SIGN_STYLE = Automatic;
				INFOPLIST_FILE = MyAppUITests/Info.plist;
				LD_RUNPATH_SEARCH_PATHS = "$(inherited) @executable_path/Frameworks @loader_path/Frameworks";
				PRODUCT_BUNDLE_IDENTIFIER = code20.com.MyAppUITests;
				PRODUCT_NAME = "$(TARGET_NAME)";
				SWIFT_VERSION = 4.0;
				TARGETED_DEVICE_FAMILY = "1,2";
				TEST_TARGET_NAME = MyApp;
			};
			name = Debug;
		};
		42A3DBAF205F56B700810EDC /* Release */ = {
			isa = XCBuildConfiguration;
			buildSettings = {
				ALWAYS_EMBED_SWIFT_STANDARD_LIBRARIES = YES;
				CODE_SIGN_STYLE = Automatic;
				INFOPLIST_FILE = MyAppUITests/Info.plist;
				LD_RUNPATH_SEARCH_PATHS = "$(inherited) @executable_path/Frameworks @loader_path/Frameworks";
				PRODUCT_BUNDLE_IDENTIFIER = code20.com.MyAppUITests;
				PRODUCT_NAME = "$(TARGET_NAME)";
				SWIFT_VERSION = 4.0;
				TARGETED_DEVICE_FAMILY = "1,2";
				TEST_TARGET_NAME = MyApp;
			};
			name = Release;
		};
/* End XCBuildConfiguration section */

/* Begin XCConfigurationList section */
		42A3DB7A205F56B700810EDC /* Build configuration list for PBXProject "MyApp" */ = {
			isa = XCConfigurationList;
			buildConfigurations = (
				42A3DBA5205F56B700810EDC /* Debug */,
				42A3DBA6205F56B700810EDC /* Release */,
			);
			defaultConfigurationIsVisible = 0;
			defaultConfigurationName = Release;
		};
		42A3DBA7205F56B700810EDC /* Build configuration list for PBXNativeTarget "MyApp" */ = {
			isa = XCConfigurationList;
			buildConfigurations = (
				42A3DBA8205F56B700810EDC /* Debug */,
				42A3DBA9205F56B700810EDC /* Release */,
			);
			defaultConfigurationIsVisible = 0;
			defaultConfigurationName = Release;
		};
		42A3DBAA205F56B700810EDC /* Build configuration list for PBXNativeTarget "MyAppTests" */ = {
			isa = XCConfigurationList;
			buildConfigurations = (
				42A3DBAB205F56B700810EDC /* Debug */,
				42A3DBAC205F56B700810EDC /* Release */,
			);
			defaultConfigurationIsVisible = 0;
			defaultConfigurationName = Release;
		};
		42A3DBAD205F56B700810EDC /* Build configuration list for PBXNativeTarget "MyAppUITests" */ = {
			isa = XCConfigurationList;
			buildConfigurations = (
				42A3DBAE205F56B700810EDC /* Debug */,
				42A3DBAF205F56B700810EDC /* Release */,
			);
			defaultConfigurationIsVisible = 0;
			defaultConfigurationName = Release;
		};
/* End XCConfigurationList section */
	};
	rootObject = 42A3DB77205F56B700810EDC /* Project object */;
}
